
Microsoft Visual Studio Solution File, Format Version 12.00
# Visual Studio Version 16
VisualStudioVersion = 16.0.30104.148
MinimumVisualStudioVersion = 10.0.40219.1
Project("{FAE04EC0-301F-11D3-BF4B-00C04F79EFBC}") = "Login", "Login\Login.csproj", "{3442A762-F20D-4C39-90FD-1E5EC600F535}"
EndProject
Project("{2150E333-8FDC-42A3-9474-1A3956D46DE8}") = "DS", "DS", "{2CA62CD7-AE65-4403-854C-6B02C9F08693}"
EndProject
Global
	GlobalSection(SolutionConfigurationPlatforms) = preSolution
		Debug|Any CPU = Debug|Any CPU
		Release|Any CPU = Release|Any CPU
	EndGlobalSection
	GlobalSection(ProjectConfigurationPlatforms) = postSolution
		{3442A762-F20D-4C39-90FD-1E5EC600F535}.Debug|Any CPU.ActiveCfg = Debug|Any CPU
		{3442A762-F20D-4C39-90FD-1E5EC600F535}.Debug|Any CPU.Build.0 = Debug|Any CPU
		{3442A762-F20D-4C39-90FD-1E5EC600F535}.Release|Any CPU.ActiveCfg = Release|Any CPU
		{3442A762-F20D-4C39-90FD-1E5EC600F535}.Release|Any CPU.Build.0 = Release|Any CPU
	EndGlobalSection
	GlobalSection(SolutionProperties) = preSolution
		HideSolutionNode = FALSE
	EndGlobalSection
	GlobalSection(ExtensibilityGlobals) = postSolution
		SolutionGuid = {B2870843-8B42-42BF-BC3B-AFAC50CAC2BE}
	EndGlobalSection
EndGlobal
